// !$*UTF8*$!
{
	archiveVersion = 1;
	classes = {
	};
	objectVersion = 56;
	objects = {

/* Begin PBXBuildFile section */
		5D30B5F82B81EC320075A16B /* BusinessViewModel.swift in Sources */ = {isa = PBXBuildFile; fileRef = 5D30B5F72B81EC320075A16B /* BusinessViewModel.swift */; };
		5D41BE822B7CE7A0002428C5 /* NewsViewController.swift in Sources */ = {isa = PBXBuildFile; fileRef = 5D41BE812B7CE7A0002428C5 /* NewsViewController.swift */; };
		5D41BE852B7D0DDE002428C5 /* GeneralViewModel.swift in Sources */ = {isa = PBXBuildFile; fileRef = 5D41BE842B7D0DDE002428C5 /* GeneralViewModel.swift */; };
		5D41BE8A2B7D2B4D002428C5 /* NewsResponseObject.swift in Sources */ = {isa = PBXBuildFile; fileRef = 5D41BE892B7D2B4D002428C5 /* NewsResponseObject.swift */; };
		5D41BE8C2B7D2B9E002428C5 /* ArticleResponseObject.swift in Sources */ = {isa = PBXBuildFile; fileRef = 5D41BE8B2B7D2B9E002428C5 /* ArticleResponseObject.swift */; };
		5D41BE8F2B7D2DBE002428C5 /* ArticleCellViewModel.swift in Sources */ = {isa = PBXBuildFile; fileRef = 5D41BE8E2B7D2DBE002428C5 /* ArticleCellViewModel.swift */; };
		5D5A4DF62B7BD75E009B5F5D /* GeneralCollectionViewCell.swift in Sources */ = {isa = PBXBuildFile; fileRef = 5D5A4DF52B7BD75E009B5F5D /* GeneralCollectionViewCell.swift */; };
		5D5A4DF82B7BE4F5009B5F5D /* DetailsCollectionViewCell.swift in Sources */ = {isa = PBXBuildFile; fileRef = 5D5A4DF72B7BE4F5009B5F5D /* DetailsCollectionViewCell.swift */; };
		5D5B93D02BB496C800AAF5E1 /* SnapKit in Frameworks */ = {isa = PBXBuildFile; productRef = 5D5B93CF2BB496C800AAF5E1 /* SnapKit */; };
		5D866C7F2B8CC000002B17E8 /* TechnologyCollectionViewCell.swift in Sources */ = {isa = PBXBuildFile; fileRef = 5D866C7E2B8CC000002B17E8 /* TechnologyCollectionViewCell.swift */; };
		5D866C812B8CC0AD002B17E8 /* TechnologyViewModel.swift in Sources */ = {isa = PBXBuildFile; fileRef = 5D866C802B8CC0AD002B17E8 /* TechnologyViewModel.swift */; };
		5D8C1AA32BA5E652003A3BF1 /* TableCollectionViewSection.swift in Sources */ = {isa = PBXBuildFile; fileRef = 5D8C1AA22BA5E652003A3BF1 /* TableCollectionViewSection.swift */; };
		5D8C1AA82BA742B4003A3BF1 /* NewsViewModel.swift in Sources */ = {isa = PBXBuildFile; fileRef = 5D8C1AA72BA742B4003A3BF1 /* NewsViewModel.swift */; };
		5D8C1AAA2BA76728003A3BF1 /* NewsListViewModel.swift in Sources */ = {isa = PBXBuildFile; fileRef = 5D8C1AA92BA76728003A3BF1 /* NewsListViewModel.swift */; };
		5D9067322B7BA41300510F60 /* AppDelegate.swift in Sources */ = {isa = PBXBuildFile; fileRef = 5D9067312B7BA41300510F60 /* AppDelegate.swift */; };
		5D9067362B7BA41300510F60 /* GeneralViewController.swift in Sources */ = {isa = PBXBuildFile; fileRef = 5D9067352B7BA41300510F60 /* GeneralViewController.swift */; };
		5D90673B2B7BA41400510F60 /* Assets.xcassets in Resources */ = {isa = PBXBuildFile; fileRef = 5D90673A2B7BA41400510F60 /* Assets.xcassets */; };
		5D90673E2B7BA41400510F60 /* LaunchScreen.storyboard in Resources */ = {isa = PBXBuildFile; fileRef = 5D90673C2B7BA41400510F60 /* LaunchScreen.storyboard */; };
		5D9067462B7BA4C800510F60 /* TabBarController.swift in Sources */ = {isa = PBXBuildFile; fileRef = 5D9067452B7BA4C800510F60 /* TabBarController.swift */; };
		5D9067482B7BA55600510F60 /* BusinessViewController.swift in Sources */ = {isa = PBXBuildFile; fileRef = 5D9067472B7BA55600510F60 /* BusinessViewController.swift */; };
		5D90674A2B7BA56C00510F60 /* TechnologyViewController.swift in Sources */ = {isa = PBXBuildFile; fileRef = 5D9067492B7BA56C00510F60 /* TechnologyViewController.swift */; };
		5DBCBACF2B7FC30D003003FA /* ApiManager.swift in Sources */ = {isa = PBXBuildFile; fileRef = 5DBCBACE2B7FC30D003003FA /* ApiManager.swift */; };
		5DBCBAD22B7FC735003003FA /* NetworkingError.swift in Sources */ = {isa = PBXBuildFile; fileRef = 5DBCBAD12B7FC735003003FA /* NetworkingError.swift */; };
/* End PBXBuildFile section */

/* Begin PBXFileReference section */
		5D30B5F72B81EC320075A16B /* BusinessViewModel.swift */ = {isa = PBXFileReference; lastKnownFileType = sourcecode.swift; path = BusinessViewModel.swift; sourceTree = "<group>"; };
		5D41BE812B7CE7A0002428C5 /* NewsViewController.swift */ = {isa = PBXFileReference; lastKnownFileType = sourcecode.swift; path = NewsViewController.swift; sourceTree = "<group>"; };
		5D41BE842B7D0DDE002428C5 /* GeneralViewModel.swift */ = {isa = PBXFileReference; lastKnownFileType = sourcecode.swift; path = GeneralViewModel.swift; sourceTree = "<group>"; };
		5D41BE892B7D2B4D002428C5 /* NewsResponseObject.swift */ = {isa = PBXFileReference; lastKnownFileType = sourcecode.swift; path = NewsResponseObject.swift; sourceTree = "<group>"; };
		5D41BE8B2B7D2B9E002428C5 /* ArticleResponseObject.swift */ = {isa = PBXFileReference; lastKnownFileType = sourcecode.swift; path = ArticleResponseObject.swift; sourceTree = "<group>"; };
		5D41BE8E2B7D2DBE002428C5 /* ArticleCellViewModel.swift */ = {isa = PBXFileReference; lastKnownFileType = sourcecode.swift; path = ArticleCellViewModel.swift; sourceTree = "<group>"; };
		5D5A4DF52B7BD75E009B5F5D /* GeneralCollectionViewCell.swift */ = {isa = PBXFileReference; lastKnownFileType = sourcecode.swift; path = GeneralCollectionViewCell.swift; sourceTree = "<group>"; };
		5D5A4DF72B7BE4F5009B5F5D /* DetailsCollectionViewCell.swift */ = {isa = PBXFileReference; lastKnownFileType = sourcecode.swift; path = DetailsCollectionViewCell.swift; sourceTree = "<group>"; };
		5D866C7E2B8CC000002B17E8 /* TechnologyCollectionViewCell.swift */ = {isa = PBXFileReference; lastKnownFileType = sourcecode.swift; path = TechnologyCollectionViewCell.swift; sourceTree = "<group>"; };
		5D866C802B8CC0AD002B17E8 /* TechnologyViewModel.swift */ = {isa = PBXFileReference; lastKnownFileType = sourcecode.swift; path = TechnologyViewModel.swift; sourceTree = "<group>"; };
		5D8C1AA22BA5E652003A3BF1 /* TableCollectionViewSection.swift */ = {isa = PBXFileReference; lastKnownFileType = sourcecode.swift; path = TableCollectionViewSection.swift; sourceTree = "<group>"; };
		5D8C1AA72BA742B4003A3BF1 /* NewsViewModel.swift */ = {isa = PBXFileReference; lastKnownFileType = sourcecode.swift; path = NewsViewModel.swift; sourceTree = "<group>"; };
		5D8C1AA92BA76728003A3BF1 /* NewsListViewModel.swift */ = {isa = PBXFileReference; lastKnownFileType = sourcecode.swift; path = NewsListViewModel.swift; sourceTree = "<group>"; };
		5D90672E2B7BA41300510F60 /* NewsApp.app */ = {isa = PBXFileReference; explicitFileType = wrapper.application; includeInIndex = 0; path = NewsApp.app; sourceTree = BUILT_PRODUCTS_DIR; };
		5D9067312B7BA41300510F60 /* AppDelegate.swift */ = {isa = PBXFileReference; lastKnownFileType = sourcecode.swift; path = AppDelegate.swift; sourceTree = "<group>"; };
		5D9067352B7BA41300510F60 /* GeneralViewController.swift */ = {isa = PBXFileReference; lastKnownFileType = sourcecode.swift; path = GeneralViewController.swift; sourceTree = "<group>"; };
		5D90673A2B7BA41400510F60 /* Assets.xcassets */ = {isa = PBXFileReference; lastKnownFileType = folder.assetcatalog; path = Assets.xcassets; sourceTree = "<group>"; };
		5D90673D2B7BA41400510F60 /* Base */ = {isa = PBXFileReference; lastKnownFileType = file.storyboard; name = Base; path = Base.lproj/LaunchScreen.storyboard; sourceTree = "<group>"; };
		5D90673F2B7BA41400510F60 /* Info.plist */ = {isa = PBXFileReference; lastKnownFileType = text.plist.xml; path = Info.plist; sourceTree = "<group>"; };
		5D9067452B7BA4C800510F60 /* TabBarController.swift */ = {isa = PBXFileReference; lastKnownFileType = sourcecode.swift; path = TabBarController.swift; sourceTree = "<group>"; };
		5D9067472B7BA55600510F60 /* BusinessViewController.swift */ = {isa = PBXFileReference; lastKnownFileType = sourcecode.swift; path = BusinessViewController.swift; sourceTree = "<group>"; };
		5D9067492B7BA56C00510F60 /* TechnologyViewController.swift */ = {isa = PBXFileReference; lastKnownFileType = sourcecode.swift; path = TechnologyViewController.swift; sourceTree = "<group>"; };
		5DBCBACE2B7FC30D003003FA /* ApiManager.swift */ = {isa = PBXFileReference; lastKnownFileType = sourcecode.swift; path = ApiManager.swift; sourceTree = "<group>"; };
		5DBCBAD12B7FC735003003FA /* NetworkingError.swift */ = {isa = PBXFileReference; lastKnownFileType = sourcecode.swift; path = NetworkingError.swift; sourceTree = "<group>"; };
/* End PBXFileReference section */

/* Begin PBXFrameworksBuildPhase section */
		5D90672B2B7BA41300510F60 /* Frameworks */ = {
			isa = PBXFrameworksBuildPhase;
			buildActionMask = 2147483647;
			files = (
				5D5B93D02BB496C800AAF5E1 /* SnapKit in Frameworks */,
			);
			runOnlyForDeploymentPostprocessing = 0;
		};
/* End PBXFrameworksBuildPhase section */

/* Begin PBXGroup section */
		5D30B5F52B81EB8A0075A16B /* View */ = {
			isa = PBXGroup;
			children = (
				5D9067472B7BA55600510F60 /* BusinessViewController.swift */,
				5D5A4DF72B7BE4F5009B5F5D /* DetailsCollectionViewCell.swift */,
			);
			path = View;
			sourceTree = "<group>";
		};
		5D30B5F62B81EBD20075A16B /* ViewModel */ = {
			isa = PBXGroup;
			children = (
				5D30B5F72B81EC320075A16B /* BusinessViewModel.swift */,
			);
			path = ViewModel;
			sourceTree = "<group>";
		};
		5D41BE832B7CE7D1002428C5 /* News */ = {
			isa = PBXGroup;
			children = (
				5D41BE812B7CE7A0002428C5 /* NewsViewController.swift */,
				5D8C1AA72BA742B4003A3BF1 /* NewsViewModel.swift */,
			);
			path = News;
			sourceTree = "<group>";
		};
		5D41BE862B7D0DE3002428C5 /* ViewModel */ = {
			isa = PBXGroup;
			children = (
				5D41BE842B7D0DDE002428C5 /* GeneralViewModel.swift */,
				5D41BE8E2B7D2DBE002428C5 /* ArticleCellViewModel.swift */,
			);
			path = ViewModel;
			sourceTree = "<group>";
		};
		5D41BE8D2B7D2BF8002428C5 /* Model */ = {
			isa = PBXGroup;
			children = (
				5D41BE892B7D2B4D002428C5 /* NewsResponseObject.swift */,
				5D41BE8B2B7D2B9E002428C5 /* ArticleResponseObject.swift */,
				5D8C1AA22BA5E652003A3BF1 /* TableCollectionViewSection.swift */,
			);
			path = Model;
			sourceTree = "<group>";
		};
		5D5A4DF12B7BD6F9009B5F5D /* General */ = {
			isa = PBXGroup;
			children = (
				5D5A4DF42B7BD73D009B5F5D /* View */,
				5D41BE862B7D0DE3002428C5 /* ViewModel */,
				5D41BE8D2B7D2BF8002428C5 /* Model */,
			);
			path = General;
			sourceTree = "<group>";
		};
		5D5A4DF22B7BD704009B5F5D /* Business */ = {
			isa = PBXGroup;
			children = (
				5D30B5F62B81EBD20075A16B /* ViewModel */,
				5D30B5F52B81EB8A0075A16B /* View */,
			);
			path = Business;
			sourceTree = "<group>";
		};
		5D5A4DF32B7BD70C009B5F5D /* Technology */ = {
			isa = PBXGroup;
			children = (
				5D866C822B8CC0B1002B17E8 /* ViewModel */,
				5D866C7D2B8CBF6B002B17E8 /* View */,
			);
			path = Technology;
			sourceTree = "<group>";
		};
		5D5A4DF42B7BD73D009B5F5D /* View */ = {
			isa = PBXGroup;
			children = (
				5D9067352B7BA41300510F60 /* GeneralViewController.swift */,
				5D5A4DF52B7BD75E009B5F5D /* GeneralCollectionViewCell.swift */,
			);
			path = View;
			sourceTree = "<group>";
		};
		5D866C7D2B8CBF6B002B17E8 /* View */ = {
			isa = PBXGroup;
			children = (
				5D9067492B7BA56C00510F60 /* TechnologyViewController.swift */,
				5D866C7E2B8CC000002B17E8 /* TechnologyCollectionViewCell.swift */,
			);
			path = View;
			sourceTree = "<group>";
		};
		5D866C822B8CC0B1002B17E8 /* ViewModel */ = {
			isa = PBXGroup;
			children = (
				5D866C802B8CC0AD002B17E8 /* TechnologyViewModel.swift */,
			);
			path = ViewModel;
			sourceTree = "<group>";
		};
		5D9067252B7BA41300510F60 = {
			isa = PBXGroup;
			children = (
				5D9067302B7BA41300510F60 /* NewsApp */,
				5D90672F2B7BA41300510F60 /* Products */,
			);
			sourceTree = "<group>";
		};
		5D90672F2B7BA41300510F60 /* Products */ = {
			isa = PBXGroup;
			children = (
				5D90672E2B7BA41300510F60 /* NewsApp.app */,
			);
			name = Products;
			sourceTree = "<group>";
		};
		5D9067302B7BA41300510F60 /* NewsApp */ = {
			isa = PBXGroup;
			children = (
				5D9067312B7BA41300510F60 /* AppDelegate.swift */,
				5D9067452B7BA4C800510F60 /* TabBarController.swift */,
				5D8C1AA92BA76728003A3BF1 /* NewsListViewModel.swift */,
				5DBCBAD02B7FC70D003003FA /* Networking */,
				5D41BE832B7CE7D1002428C5 /* News */,
				5D5A4DF12B7BD6F9009B5F5D /* General */,
				5D5A4DF22B7BD704009B5F5D /* Business */,
				5D5A4DF32B7BD70C009B5F5D /* Technology */,
				5D90673A2B7BA41400510F60 /* Assets.xcassets */,
				5D90673C2B7BA41400510F60 /* LaunchScreen.storyboard */,
				5D90673F2B7BA41400510F60 /* Info.plist */,
			);
			path = NewsApp;
			sourceTree = "<group>";
		};
		5DBCBAD02B7FC70D003003FA /* Networking */ = {
			isa = PBXGroup;
			children = (
				5DBCBACE2B7FC30D003003FA /* ApiManager.swift */,
				5DBCBAD12B7FC735003003FA /* NetworkingError.swift */,
			);
			path = Networking;
			sourceTree = "<group>";
		};
/* End PBXGroup section */

/* Begin PBXNativeTarget section */
		5D90672D2B7BA41300510F60 /* NewsApp */ = {
			isa = PBXNativeTarget;
			buildConfigurationList = 5D9067422B7BA41400510F60 /* Build configuration list for PBXNativeTarget "NewsApp" */;
			buildPhases = (
				5D90672A2B7BA41300510F60 /* Sources */,
				5D90672B2B7BA41300510F60 /* Frameworks */,
				5D90672C2B7BA41300510F60 /* Resources */,
			);
			buildRules = (
			);
			dependencies = (
			);
			name = NewsApp;
			packageProductDependencies = (
				5D5B93CF2BB496C800AAF5E1 /* SnapKit */,
			);
			productName = NewsApp;
			productReference = 5D90672E2B7BA41300510F60 /* NewsApp.app */;
			productType = "com.apple.product-type.application";
		};
/* End PBXNativeTarget section */

/* Begin PBXProject section */
		5D9067262B7BA41300510F60 /* Project object */ = {
			isa = PBXProject;
			attributes = {
				BuildIndependentTargetsInParallel = 1;
				LastSwiftUpdateCheck = 1430;
				LastUpgradeCheck = 1430;
				TargetAttributes = {
					5D90672D2B7BA41300510F60 = {
						CreatedOnToolsVersion = 14.3.1;
					};
				};
			};
			buildConfigurationList = 5D9067292B7BA41300510F60 /* Build configuration list for PBXProject "NewsApp" */;
			compatibilityVersion = "Xcode 14.0";
			developmentRegion = en;
			hasScannedForEncodings = 0;
			knownRegions = (
				en,
				Base,
			);
			mainGroup = 5D9067252B7BA41300510F60;
			packageReferences = (
				5D5B93CE2BB496C800AAF5E1 /* XCRemoteSwiftPackageReference "SnapKit" */,
			);
			productRefGroup = 5D90672F2B7BA41300510F60 /* Products */;
			projectDirPath = "";
			projectRoot = "";
			targets = (
				5D90672D2B7BA41300510F60 /* NewsApp */,
			);
		};
/* End PBXProject section */

/* Begin PBXResourcesBuildPhase section */
		5D90672C2B7BA41300510F60 /* Resources */ = {
			isa = PBXResourcesBuildPhase;
			buildActionMask = 2147483647;
			files = (
				5D90673E2B7BA41400510F60 /* LaunchScreen.storyboard in Resources */,
				5D90673B2B7BA41400510F60 /* Assets.xcassets in Resources */,
			);
			runOnlyForDeploymentPostprocessing = 0;
		};
/* End PBXResourcesBuildPhase section */

/* Begin PBXSourcesBuildPhase section */
		5D90672A2B7BA41300510F60 /* Sources */ = {
			isa = PBXSourcesBuildPhase;
			buildActionMask = 2147483647;
			files = (
				5D866C7F2B8CC000002B17E8 /* TechnologyCollectionViewCell.swift in Sources */,
				5D8C1AAA2BA76728003A3BF1 /* NewsListViewModel.swift in Sources */,
				5D41BE8C2B7D2B9E002428C5 /* ArticleResponseObject.swift in Sources */,
				5D90674A2B7BA56C00510F60 /* TechnologyViewController.swift in Sources */,
				5D5A4DF62B7BD75E009B5F5D /* GeneralCollectionViewCell.swift in Sources */,
				5D41BE822B7CE7A0002428C5 /* NewsViewController.swift in Sources */,
				5D30B5F82B81EC320075A16B /* BusinessViewModel.swift in Sources */,
				5D9067462B7BA4C800510F60 /* TabBarController.swift in Sources */,
				5D9067362B7BA41300510F60 /* GeneralViewController.swift in Sources */,
				5D8C1AA32BA5E652003A3BF1 /* TableCollectionViewSection.swift in Sources */,
				5D8C1AA82BA742B4003A3BF1 /* NewsViewModel.swift in Sources */,
				5D41BE852B7D0DDE002428C5 /* GeneralViewModel.swift in Sources */,
				5D41BE8A2B7D2B4D002428C5 /* NewsResponseObject.swift in Sources */,
				5DBCBACF2B7FC30D003003FA /* ApiManager.swift in Sources */,
				5D866C812B8CC0AD002B17E8 /* TechnologyViewModel.swift in Sources */,
				5D9067482B7BA55600510F60 /* BusinessViewController.swift in Sources */,
				5DBCBAD22B7FC735003003FA /* NetworkingError.swift in Sources */,
				5D41BE8F2B7D2DBE002428C5 /* ArticleCellViewModel.swift in Sources */,
				5D5A4DF82B7BE4F5009B5F5D /* DetailsCollectionViewCell.swift in Sources */,
				5D9067322B7BA41300510F60 /* AppDelegate.swift in Sources */,
			);
			runOnlyForDeploymentPostprocessing = 0;
		};
/* End PBXSourcesBuildPhase section */

/* Begin PBXVariantGroup section */
		5D90673C2B7BA41400510F60 /* LaunchScreen.storyboard */ = {
			isa = PBXVariantGroup;
			children = (
				5D90673D2B7BA41400510F60 /* Base */,
			);
			name = LaunchScreen.storyboard;
			sourceTree = "<group>";
		};
/* End PBXVariantGroup section */

/* Begin XCBuildConfiguration section */
		5D9067402B7BA41400510F60 /* Debug */ = {
			isa = XCBuildConfiguration;
			buildSettings = {
				ALWAYS_SEARCH_USER_PATHS = NO;
				CLANG_ANALYZER_NONNULL = YES;
				CLANG_ANALYZER_NUMBER_OBJECT_CONVERSION = YES_AGGRESSIVE;
				CLANG_CXX_LANGUAGE_STANDARD = "gnu++20";
				CLANG_ENABLE_MODULES = YES;
				CLANG_ENABLE_OBJC_ARC = YES;
				CLANG_ENABLE_OBJC_WEAK = YES;
				CLANG_WARN_BLOCK_CAPTURE_AUTORELEASING = YES;
				CLANG_WARN_BOOL_CONVERSION = YES;
				CLANG_WARN_COMMA = YES;
				CLANG_WARN_CONSTANT_CONVERSION = YES;
				CLANG_WARN_DEPRECATED_OBJC_IMPLEMENTATIONS = YES;
				CLANG_WARN_DIRECT_OBJC_ISA_USAGE = YES_ERROR;
				CLANG_WARN_DOCUMENTATION_COMMENTS = YES;
				CLANG_WARN_EMPTY_BODY = YES;
				CLANG_WARN_ENUM_CONVERSION = YES;
				CLANG_WARN_INFINITE_RECURSION = YES;
				CLANG_WARN_INT_CONVERSION = YES;
				CLANG_WARN_NON_LITERAL_NULL_CONVERSION = YES;
				CLANG_WARN_OBJC_IMPLICIT_RETAIN_SELF = YES;
				CLANG_WARN_OBJC_LITERAL_CONVERSION = YES;
				CLANG_WARN_OBJC_ROOT_CLASS = YES_ERROR;
				CLANG_WARN_QUOTED_INCLUDE_IN_FRAMEWORK_HEADER = YES;
				CLANG_WARN_RANGE_LOOP_ANALYSIS = YES;
				CLANG_WARN_STRICT_PROTOTYPES = YES;
				CLANG_WARN_SUSPICIOUS_MOVE = YES;
				CLANG_WARN_UNGUARDED_AVAILABILITY = YES_AGGRESSIVE;
				CLANG_WARN_UNREACHABLE_CODE = YES;
				CLANG_WARN__DUPLICATE_METHOD_MATCH = YES;
				COPY_PHASE_STRIP = NO;
				DEBUG_INFORMATION_FORMAT = dwarf;
				ENABLE_STRICT_OBJC_MSGSEND = YES;
				ENABLE_TESTABILITY = YES;
				GCC_C_LANGUAGE_STANDARD = gnu11;
				GCC_DYNAMIC_NO_PIC = NO;
				GCC_NO_COMMON_BLOCKS = YES;
				GCC_OPTIMIZATION_LEVEL = 0;
				GCC_PREPROCESSOR_DEFINITIONS = (
					"DEBUG=1",
					"$(inherited)",
				);
				GCC_WARN_64_TO_32_BIT_CONVERSION = YES;
				GCC_WARN_ABOUT_RETURN_TYPE = YES_ERROR;
				GCC_WARN_UNDECLARED_SELECTOR = YES;
				GCC_WARN_UNINITIALIZED_AUTOS = YES_AGGRESSIVE;
				GCC_WARN_UNUSED_FUNCTION = YES;
				GCC_WARN_UNUSED_VARIABLE = YES;
				IPHONEOS_DEPLOYMENT_TARGET = 16.4;
				MTL_ENABLE_DEBUG_INFO = INCLUDE_SOURCE;
				MTL_FAST_MATH = YES;
				ONLY_ACTIVE_ARCH = YES;
				SDKROOT = iphoneos;
				SWIFT_ACTIVE_COMPILATION_CONDITIONS = DEBUG;
				SWIFT_OPTIMIZATION_LEVEL = "-Onone";
			};
			name = Debug;
		};
		5D9067412B7BA41400510F60 /* Release */ = {
			isa = XCBuildConfiguration;
			buildSettings = {
				ALWAYS_SEARCH_USER_PATHS = NO;
				CLANG_ANALYZER_NONNULL = YES;
				CLANG_ANALYZER_NUMBER_OBJECT_CONVERSION = YES_AGGRESSIVE;
				CLANG_CXX_LANGUAGE_STANDARD = "gnu++20";
				CLANG_ENABLE_MODULES = YES;
				CLANG_ENABLE_OBJC_ARC = YES;
				CLANG_ENABLE_OBJC_WEAK = YES;
				CLANG_WARN_BLOCK_CAPTURE_AUTORELEASING = YES;
				CLANG_WARN_BOOL_CONVERSION = YES;
				CLANG_WARN_COMMA = YES;
				CLANG_WARN_CONSTANT_CONVERSION = YES;
				CLANG_WARN_DEPRECATED_OBJC_IMPLEMENTATIONS = YES;
				CLANG_WARN_DIRECT_OBJC_ISA_USAGE = YES_ERROR;
				CLANG_WARN_DOCUMENTATION_COMMENTS = YES;
				CLANG_WARN_EMPTY_BODY = YES;
				CLANG_WARN_ENUM_CONVERSION = YES;
				CLANG_WARN_INFINITE_RECURSION = YES;
				CLANG_WARN_INT_CONVERSION = YES;
				CLANG_WARN_NON_LITERAL_NULL_CONVERSION = YES;
				CLANG_WARN_OBJC_IMPLICIT_RETAIN_SELF = YES;
				CLANG_WARN_OBJC_LITERAL_CONVERSION = YES;
				CLANG_WARN_OBJC_ROOT_CLASS = YES_ERROR;
				CLANG_WARN_QUOTED_INCLUDE_IN_FRAMEWORK_HEADER = YES;
				CLANG_WARN_RANGE_LOOP_ANALYSIS = YES;
				CLANG_WARN_STRICT_PROTOTYPES = YES;
				CLANG_WARN_SUSPICIOUS_MOVE = YES;
				CLANG_WARN_UNGUARDED_AVAILABILITY = YES_AGGRESSIVE;
				CLANG_WARN_UNREACHABLE_CODE = YES;
				CLANG_WARN__DUPLICATE_METHOD_MATCH = YES;
				COPY_PHASE_STRIP = NO;
				DEBUG_INFORMATION_FORMAT = "dwarf-with-dsym";
				ENABLE_NS_ASSERTIONS = NO;
				ENABLE_STRICT_OBJC_MSGSEND = YES;
				GCC_C_LANGUAGE_STANDARD = gnu11;
				GCC_NO_COMMON_BLOCKS = YES;
				GCC_WARN_64_TO_32_BIT_CONVERSION = YES;
				GCC_WARN_ABOUT_RETURN_TYPE = YES_ERROR;
				GCC_WARN_UNDECLARED_SELECTOR = YES;
				GCC_WARN_UNINITIALIZED_AUTOS = YES_AGGRESSIVE;
				GCC_WARN_UNUSED_FUNCTION = YES;
				GCC_WARN_UNUSED_VARIABLE = YES;
				IPHONEOS_DEPLOYMENT_TARGET = 16.4;
				MTL_ENABLE_DEBUG_INFO = NO;
				MTL_FAST_MATH = YES;
				SDKROOT = iphoneos;
				SWIFT_COMPILATION_MODE = wholemodule;
				SWIFT_OPTIMIZATION_LEVEL = "-O";
				VALIDATE_PRODUCT = YES;
			};
			name = Release;
		};
		5D9067432B7BA41400510F60 /* Debug */ = {
			isa = XCBuildConfiguration;
			buildSettings = {
				ASSETCATALOG_COMPILER_APPICON_NAME = AppIcon;
				ASSETCATALOG_COMPILER_GLOBAL_ACCENT_COLOR_NAME = AccentColor;
				CODE_SIGN_STYLE = Automatic;
				CURRENT_PROJECT_VERSION = 1;
				DEVELOPMENT_TEAM = 25AJX2744B;
				GENERATE_INFOPLIST_FILE = YES;
				INFOPLIST_FILE = NewsApp/Info.plist;
				INFOPLIST_KEY_UIApplicationSupportsIndirectInputEvents = YES;
				INFOPLIST_KEY_UILaunchStoryboardName = LaunchScreen;
				INFOPLIST_KEY_UISupportedInterfaceOrientations_iPad = "UIInterfaceOrientationPortrait UIInterfaceOrientationPortraitUpsideDown UIInterfaceOrientationLandscapeLeft UIInterfaceOrientationLandscapeRight";
				INFOPLIST_KEY_UISupportedInterfaceOrientations_iPhone = "UIInterfaceOrientationPortrait UIInterfaceOrientationLandscapeLeft UIInterfaceOrientationLandscapeRight";
				LD_RUNPATH_SEARCH_PATHS = (
					"$(inherited)",
					"@executable_path/Frameworks",
				);
				MARKETING_VERSION = 1.0;
				PRODUCT_BUNDLE_IDENTIFIER = com.NewsApp;
				PRODUCT_NAME = "$(TARGET_NAME)";
				SWIFT_EMIT_LOC_STRINGS = YES;
				SWIFT_VERSION = 5.0;
				TARGETED_DEVICE_FAMILY = "1,2";
			};
			name = Debug;
		};
		5D9067442B7BA41400510F60 /* Release */ = {
			isa = XCBuildConfiguration;
			buildSettings = {
				ASSETCATALOG_COMPILER_APPICON_NAME = AppIcon;
				ASSETCATALOG_COMPILER_GLOBAL_ACCENT_COLOR_NAME = AccentColor;
				CODE_SIGN_STYLE = Automatic;
				CURRENT_PROJECT_VERSION = 1;
				DEVELOPMENT_TEAM = 25AJX2744B;
				GENERATE_INFOPLIST_FILE = YES;
				INFOPLIST_FILE = NewsApp/Info.plist;
				INFOPLIST_KEY_UIApplicationSupportsIndirectInputEvents = YES;
				INFOPLIST_KEY_UILaunchStoryboardName = LaunchScreen;
				INFOPLIST_KEY_UISupportedInterfaceOrientations_iPad = "UIInterfaceOrientationPortrait UIInterfaceOrientationPortraitUpsideDown UIInterfaceOrientationLandscapeLeft UIInterfaceOrientationLandscapeRight";
				INFOPLIST_KEY_UISupportedInterfaceOrientations_iPhone = "UIInterfaceOrientationPortrait UIInterfaceOrientationLandscapeLeft UIInterfaceOrientationLandscapeRight";
				LD_RUNPATH_SEARCH_PATHS = (
					"$(inherited)",
					"@executable_path/Frameworks",
				);
				MARKETING_VERSION = 1.0;
				PRODUCT_BUNDLE_IDENTIFIER = com.NewsApp;
				PRODUCT_NAME = "$(TARGET_NAME)";
				SWIFT_EMIT_LOC_STRINGS = YES;
				SWIFT_VERSION = 5.0;
				TARGETED_DEVICE_FAMILY = "1,2";
			};
			name = Release;
		};
/* End XCBuildConfiguration section */

/* Begin XCConfigurationList section */
		5D9067292B7BA41300510F60 /* Build configuration list for PBXProject "NewsApp" */ = {
			isa = XCConfigurationList;
			buildConfigurations = (
				5D9067402B7BA41400510F60 /* Debug */,
				5D9067412B7BA41400510F60 /* Release */,
			);
			defaultConfigurationIsVisible = 0;
			defaultConfigurationName = Release;
		};
		5D9067422B7BA41400510F60 /* Build configuration list for PBXNativeTarget "NewsApp" */ = {
			isa = XCConfigurationList;
			buildConfigurations = (
				5D9067432B7BA41400510F60 /* Debug */,
				5D9067442B7BA41400510F60 /* Release */,
			);
			defaultConfigurationIsVisible = 0;
			defaultConfigurationName = Release;
		};
/* End XCConfigurationList section */

/* Begin XCRemoteSwiftPackageReference section */
		5D5B93CE2BB496C800AAF5E1 /* XCRemoteSwiftPackageReference "SnapKit" */ = {
			isa = XCRemoteSwiftPackageReference;
			repositoryURL = "https://github.com/SnapKit/SnapKit.git";
			requirement = {
				kind = upToNextMajorVersion;
				minimumVersion = 5.0.0;
			};
		};
/* End XCRemoteSwiftPackageReference section */

/* Begin XCSwiftPackageProductDependency section */
		5D5B93CF2BB496C800AAF5E1 /* SnapKit */ = {
			isa = XCSwiftPackageProductDependency;
			package = 5D5B93CE2BB496C800AAF5E1 /* XCRemoteSwiftPackageReference "SnapKit" */;
			productName = SnapKit;
		};
/* End XCSwiftPackageProductDependency section */
	};
	rootObject = 5D9067262B7BA41300510F60 /* Project object */;
}
